// !$*UTF8*$!
{
	archiveVersion = 1;
	classes = {
	};
	objectVersion = 50;
	objects = {

/* Begin PBXBuildFile section */
		380ABAD12703459000289DBD /* Constants.swift in Sources */ = {isa = PBXBuildFile; fileRef = 380ABAD02703459000289DBD /* Constants.swift */; };
		380ABAD9270362B700289DBD /* LeaderboardView.swift in Sources */ = {isa = PBXBuildFile; fileRef = 380ABAD8270362B700289DBD /* LeaderboardView.swift */; };
		38A6A79026F9EEDC0053388D /* BullseyeApp.swift in Sources */ = {isa = PBXBuildFile; fileRef = 38A6A78F26F9EEDC0053388D /* BullseyeApp.swift */; };
		38A6A79226F9EEDC0053388D /* ContentView.swift in Sources */ = {isa = PBXBuildFile; fileRef = 38A6A79126F9EEDC0053388D /* ContentView.swift */; };
		38A6A79426F9EEE70053388D /* Assets.xcassets in Resources */ = {isa = PBXBuildFile; fileRef = 38A6A79326F9EEE70053388D /* Assets.xcassets */; };
		38A6A79726F9EEE70053388D /* Preview Assets.xcassets in Resources */ = {isa = PBXBuildFile; fileRef = 38A6A79626F9EEE70053388D /* Preview Assets.xcassets */; };
		38C1E4A626FA2F53008DDA7B /* Game.swift in Sources */ = {isa = PBXBuildFile; fileRef = 38C1E4A526FA2F53008DDA7B /* Game.swift */; };
		38C1E4AF26FA37AB008DDA7B /* BullseyeTests.swift in Sources */ = {isa = PBXBuildFile; fileRef = 38C1E4AE26FA37AB008DDA7B /* BullseyeTests.swift */; };
		38C1E4BB26FF2E5E008DDA7B /* TextViews.swift in Sources */ = {isa = PBXBuildFile; fileRef = 38C1E4BA26FF2E5E008DDA7B /* TextViews.swift */; };
		38EB0E922701EFDB00CFE003 /* Shapes.swift in Sources */ = {isa = PBXBuildFile; fileRef = 38EB0E912701EFDB00CFE003 /* Shapes.swift */; };
		38EB0E962701F67A00CFE003 /* RoundViews.swift in Sources */ = {isa = PBXBuildFile; fileRef = 38EB0E952701F67A00CFE003 /* RoundViews.swift */; };
		38EB0E9A2701FDFD00CFE003 /* BackgroundView.swift in Sources */ = {isa = PBXBuildFile; fileRef = 38EB0E992701FDFD00CFE003 /* BackgroundView.swift */; };
		38EB0EA42703286900CFE003 /* PointsView.swift in Sources */ = {isa = PBXBuildFile; fileRef = 38EB0EA32703286900CFE003 /* PointsView.swift */; };
/* End PBXBuildFile section */

/* Begin PBXContainerItemProxy section */
		38C1E4B126FA37AB008DDA7B /* PBXContainerItemProxy */ = {
			isa = PBXContainerItemProxy;
			containerPortal = 38A6A78426F9EEDC0053388D /* Project object */;
			proxyType = 1;
			remoteGlobalIDString = 38A6A78B26F9EEDC0053388D;
			remoteInfo = Bullseye;
		};
/* End PBXContainerItemProxy section */

/* Begin PBXFileReference section */
		380ABAD02703459000289DBD /* Constants.swift */ = {isa = PBXFileReference; lastKnownFileType = sourcecode.swift; path = Constants.swift; sourceTree = "<group>"; };
		380ABAD8270362B700289DBD /* LeaderboardView.swift */ = {isa = PBXFileReference; lastKnownFileType = sourcecode.swift; path = LeaderboardView.swift; sourceTree = "<group>"; };
		38A6A78C26F9EEDC0053388D /* Bullseye.app */ = {isa = PBXFileReference; explicitFileType = wrapper.application; includeInIndex = 0; path = Bullseye.app; sourceTree = BUILT_PRODUCTS_DIR; };
		38A6A78F26F9EEDC0053388D /* BullseyeApp.swift */ = {isa = PBXFileReference; lastKnownFileType = sourcecode.swift; path = BullseyeApp.swift; sourceTree = "<group>"; };
		38A6A79126F9EEDC0053388D /* ContentView.swift */ = {isa = PBXFileReference; lastKnownFileType = sourcecode.swift; path = ContentView.swift; sourceTree = "<group>"; };
		38A6A79326F9EEE70053388D /* Assets.xcassets */ = {isa = PBXFileReference; lastKnownFileType = folder.assetcatalog; path = Assets.xcassets; sourceTree = "<group>"; };
		38A6A79626F9EEE70053388D /* Preview Assets.xcassets */ = {isa = PBXFileReference; lastKnownFileType = folder.assetcatalog; path = "Preview Assets.xcassets"; sourceTree = "<group>"; };
		38A6A79826F9EEE70053388D /* Info.plist */ = {isa = PBXFileReference; lastKnownFileType = text.plist.xml; path = Info.plist; sourceTree = "<group>"; };
		38C1E4A526FA2F53008DDA7B /* Game.swift */ = {isa = PBXFileReference; lastKnownFileType = sourcecode.swift; path = Game.swift; sourceTree = "<group>"; };
		38C1E4AC26FA37AB008DDA7B /* BullseyeTests.xctest */ = {isa = PBXFileReference; explicitFileType = wrapper.cfbundle; includeInIndex = 0; path = BullseyeTests.xctest; sourceTree = BUILT_PRODUCTS_DIR; };
		38C1E4AE26FA37AB008DDA7B /* BullseyeTests.swift */ = {isa = PBXFileReference; lastKnownFileType = sourcecode.swift; path = BullseyeTests.swift; sourceTree = "<group>"; };
		38C1E4B026FA37AB008DDA7B /* Info.plist */ = {isa = PBXFileReference; lastKnownFileType = text.plist.xml; path = Info.plist; sourceTree = "<group>"; };
		38C1E4BA26FF2E5E008DDA7B /* TextViews.swift */ = {isa = PBXFileReference; lastKnownFileType = sourcecode.swift; path = TextViews.swift; sourceTree = "<group>"; };
		38EB0E912701EFDB00CFE003 /* Shapes.swift */ = {isa = PBXFileReference; lastKnownFileType = sourcecode.swift; path = Shapes.swift; sourceTree = "<group>"; };
		38EB0E952701F67A00CFE003 /* RoundViews.swift */ = {isa = PBXFileReference; lastKnownFileType = sourcecode.swift; path = RoundViews.swift; sourceTree = "<group>"; };
		38EB0E992701FDFD00CFE003 /* BackgroundView.swift */ = {isa = PBXFileReference; lastKnownFileType = sourcecode.swift; path = BackgroundView.swift; sourceTree = "<group>"; };
		38EB0EA32703286900CFE003 /* PointsView.swift */ = {isa = PBXFileReference; lastKnownFileType = sourcecode.swift; path = PointsView.swift; sourceTree = "<group>"; };
/* End PBXFileReference section */

/* Begin PBXFrameworksBuildPhase section */
		38A6A78926F9EEDC0053388D /* Frameworks */ = {
			isa = PBXFrameworksBuildPhase;
			buildActionMask = 2147483647;
			files = (
			);
			runOnlyForDeploymentPostprocessing = 0;
		};
		38C1E4A926FA37AB008DDA7B /* Frameworks */ = {
			isa = PBXFrameworksBuildPhase;
			buildActionMask = 2147483647;
			files = (
			);
			runOnlyForDeploymentPostprocessing = 0;
		};
/* End PBXFrameworksBuildPhase section */

/* Begin PBXGroup section */
		38A6A78326F9EEDC0053388D = {
			isa = PBXGroup;
			children = (
				38A6A78E26F9EEDC0053388D /* Bullseye */,
				38C1E4AD26FA37AB008DDA7B /* BullseyeTests */,
				38A6A78D26F9EEDC0053388D /* Products */,
			);
			sourceTree = "<group>";
		};
		38A6A78D26F9EEDC0053388D /* Products */ = {
			isa = PBXGroup;
			children = (
				38A6A78C26F9EEDC0053388D /* Bullseye.app */,
				38C1E4AC26FA37AB008DDA7B /* BullseyeTests.xctest */,
			);
			name = Products;
			sourceTree = "<group>";
		};
		38A6A78E26F9EEDC0053388D /* Bullseye */ = {
			isa = PBXGroup;
			children = (
				38C1E4A226FA2EF4008DDA7B /* App */,
				38C1E4A126FA2EE1008DDA7B /* Views */,
				38C1E4A026FA2ED8008DDA7B /* Models */,
				38A6A79526F9EEE70053388D /* Preview Content */,
			);
			path = Bullseye;
			sourceTree = "<group>";
		};
		38A6A79526F9EEE70053388D /* Preview Content */ = {
			isa = PBXGroup;
			children = (
				38A6A79626F9EEE70053388D /* Preview Assets.xcassets */,
			);
			path = "Preview Content";
			sourceTree = "<group>";
		};
		38C1E4A026FA2ED8008DDA7B /* Models */ = {
			isa = PBXGroup;
			children = (
				38C1E4A526FA2F53008DDA7B /* Game.swift */,
				380ABAD02703459000289DBD /* Constants.swift */,
			);
			path = Models;
			sourceTree = "<group>";
		};
		38C1E4A126FA2EE1008DDA7B /* Views */ = {
			isa = PBXGroup;
			children = (
				38A6A79126F9EEDC0053388D /* ContentView.swift */,
				38C1E4BA26FF2E5E008DDA7B /* TextViews.swift */,
				38EB0E912701EFDB00CFE003 /* Shapes.swift */,
				38EB0E952701F67A00CFE003 /* RoundViews.swift */,
				38EB0E992701FDFD00CFE003 /* BackgroundView.swift */,
				38EB0EA32703286900CFE003 /* PointsView.swift */,
				380ABAD8270362B700289DBD /* LeaderboardView.swift */,
			);
			path = Views;
			sourceTree = "<group>";
		};
		38C1E4A226FA2EF4008DDA7B /* App */ = {
			isa = PBXGroup;
			children = (
				38A6A78F26F9EEDC0053388D /* BullseyeApp.swift */,
				38A6A79326F9EEE70053388D /* Assets.xcassets */,
				38A6A79826F9EEE70053388D /* Info.plist */,
			);
			path = App;
			sourceTree = "<group>";
		};
		38C1E4AD26FA37AB008DDA7B /* BullseyeTests */ = {
			isa = PBXGroup;
			children = (
				38C1E4AE26FA37AB008DDA7B /* BullseyeTests.swift */,
				38C1E4B026FA37AB008DDA7B /* Info.plist */,
			);
			path = BullseyeTests;
			sourceTree = "<group>";
		};
/* End PBXGroup section */

/* Begin PBXNativeTarget section */
		38A6A78B26F9EEDC0053388D /* Bullseye */ = {
			isa = PBXNativeTarget;
			buildConfigurationList = 38A6A79B26F9EEE70053388D /* Build configuration list for PBXNativeTarget "Bullseye" */;
			buildPhases = (
				38A6A78826F9EEDC0053388D /* Sources */,
				38A6A78926F9EEDC0053388D /* Frameworks */,
				38A6A78A26F9EEDC0053388D /* Resources */,
			);
			buildRules = (
			);
			dependencies = (
			);
			name = Bullseye;
			productName = Bullseye;
			productReference = 38A6A78C26F9EEDC0053388D /* Bullseye.app */;
			productType = "com.apple.product-type.application";
		};
		38C1E4AB26FA37AB008DDA7B /* BullseyeTests */ = {
			isa = PBXNativeTarget;
			buildConfigurationList = 38C1E4B326FA37AB008DDA7B /* Build configuration list for PBXNativeTarget "BullseyeTests" */;
			buildPhases = (
				38C1E4A826FA37AB008DDA7B /* Sources */,
				38C1E4A926FA37AB008DDA7B /* Frameworks */,
				38C1E4AA26FA37AB008DDA7B /* Resources */,
			);
			buildRules = (
			);
			dependencies = (
				38C1E4B226FA37AB008DDA7B /* PBXTargetDependency */,
			);
			name = BullseyeTests;
			productName = BullseyeTests;
			productReference = 38C1E4AC26FA37AB008DDA7B /* BullseyeTests.xctest */;
			productType = "com.apple.product-type.bundle.unit-test";
		};
/* End PBXNativeTarget section */

/* Begin PBXProject section */
		38A6A78426F9EEDC0053388D /* Project object */ = {
			isa = PBXProject;
			attributes = {
				LastSwiftUpdateCheck = 1220;
				LastUpgradeCheck = 1220;
				TargetAttributes = {
					38A6A78B26F9EEDC0053388D = {
						CreatedOnToolsVersion = 12.2;
					};
					38C1E4AB26FA37AB008DDA7B = {
						CreatedOnToolsVersion = 12.2;
						TestTargetID = 38A6A78B26F9EEDC0053388D;
					};
				};
			};
			buildConfigurationList = 38A6A78726F9EEDC0053388D /* Build configuration list for PBXProject "Bullseye" */;
			compatibilityVersion = "Xcode 9.3";
			developmentRegion = en;
			hasScannedForEncodings = 0;
			knownRegions = (
				en,
				Base,
			);
			mainGroup = 38A6A78326F9EEDC0053388D;
			productRefGroup = 38A6A78D26F9EEDC0053388D /* Products */;
			projectDirPath = "";
			projectRoot = "";
			targets = (
				38A6A78B26F9EEDC0053388D /* Bullseye */,
				38C1E4AB26FA37AB008DDA7B /* BullseyeTests */,
			);
		};
/* End PBXProject section */

/* Begin PBXResourcesBuildPhase section */
		38A6A78A26F9EEDC0053388D /* Resources */ = {
			isa = PBXResourcesBuildPhase;
			buildActionMask = 2147483647;
			files = (
				38A6A79726F9EEE70053388D /* Preview Assets.xcassets in Resources */,
				38A6A79426F9EEE70053388D /* Assets.xcassets in Resources */,
			);
			runOnlyForDeploymentPostprocessing = 0;
		};
		38C1E4AA26FA37AB008DDA7B /* Resources */ = {
			isa = PBXResourcesBuildPhase;
			buildActionMask = 2147483647;
			files = (
			);
			runOnlyForDeploymentPostprocessing = 0;
		};
/* End PBXResourcesBuildPhase section */

/* Begin PBXSourcesBuildPhase section */
		38A6A78826F9EEDC0053388D /* Sources */ = {
			isa = PBXSourcesBuildPhase;
			buildActionMask = 2147483647;
			files = (
				380ABAD9270362B700289DBD /* LeaderboardView.swift in Sources */,
				38A6A79226F9EEDC0053388D /* ContentView.swift in Sources */,
				38C1E4BB26FF2E5E008DDA7B /* TextViews.swift in Sources */,
				38EB0E922701EFDB00CFE003 /* Shapes.swift in Sources */,
				38EB0EA42703286900CFE003 /* PointsView.swift in Sources */,
				38EB0E9A2701FDFD00CFE003 /* BackgroundView.swift in Sources */,
				38C1E4A626FA2F53008DDA7B /* Game.swift in Sources */,
				380ABAD12703459000289DBD /* Constants.swift in Sources */,
				38A6A79026F9EEDC0053388D /* BullseyeApp.swift in Sources */,
				38EB0E962701F67A00CFE003 /* RoundViews.swift in Sources */,
			);
			runOnlyForDeploymentPostprocessing = 0;
		};
		38C1E4A826FA37AB008DDA7B /* Sources */ = {
			isa = PBXSourcesBuildPhase;
			buildActionMask = 2147483647;
			files = (
				38C1E4AF26FA37AB008DDA7B /* BullseyeTests.swift in Sources */,
			);
			runOnlyForDeploymentPostprocessing = 0;
		};
/* End PBXSourcesBuildPhase section */

/* Begin PBXTargetDependency section */
		38C1E4B226FA37AB008DDA7B /* PBXTargetDependency */ = {
			isa = PBXTargetDependency;
			target = 38A6A78B26F9EEDC0053388D /* Bullseye */;
			targetProxy = 38C1E4B126FA37AB008DDA7B /* PBXContainerItemProxy */;
		};
/* End PBXTargetDependency section */

/* Begin XCBuildConfiguration section */
		38A6A79926F9EEE70053388D /* Debug */ = {
			isa = XCBuildConfiguration;
			buildSettings = {
				ALWAYS_SEARCH_USER_PATHS = NO;
				CLANG_ANALYZER_NONNULL = YES;
				CLANG_ANALYZER_NUMBER_OBJECT_CONVERSION = YES_AGGRESSIVE;
				CLANG_CXX_LANGUAGE_STANDARD = "gnu++14";
				CLANG_CXX_LIBRARY = "libc++";
				CLANG_ENABLE_MODULES = YES;
				CLANG_ENABLE_OBJC_ARC = YES;
				CLANG_ENABLE_OBJC_WEAK = YES;
				CLANG_WARN_BLOCK_CAPTURE_AUTORELEASING = YES;
				CLANG_WARN_BOOL_CONVERSION = YES;
				CLANG_WARN_COMMA = YES;
				CLANG_WARN_CONSTANT_CONVERSION = YES;
				CLANG_WARN_DEPRECATED_OBJC_IMPLEMENTATIONS = YES;
				CLANG_WARN_DIRECT_OBJC_ISA_USAGE = YES_ERROR;
				CLANG_WARN_DOCUMENTATION_COMMENTS = YES;
				CLANG_WARN_EMPTY_BODY = YES;
				CLANG_WARN_ENUM_CONVERSION = YES;
				CLANG_WARN_INFINITE_RECURSION = YES;
				CLANG_WARN_INT_CONVERSION = YES;
				CLANG_WARN_NON_LITERAL_NULL_CONVERSION = YES;
				CLANG_WARN_OBJC_IMPLICIT_RETAIN_SELF = YES;
				CLANG_WARN_OBJC_LITERAL_CONVERSION = YES;
				CLANG_WARN_OBJC_ROOT_CLASS = YES_ERROR;
				CLANG_WARN_QUOTED_INCLUDE_IN_FRAMEWORK_HEADER = YES;
				CLANG_WARN_RANGE_LOOP_ANALYSIS = YES;
				CLANG_WARN_STRICT_PROTOTYPES = YES;
				CLANG_WARN_SUSPICIOUS_MOVE = YES;
				CLANG_WARN_UNGUARDED_AVAILABILITY = YES_AGGRESSIVE;
				CLANG_WARN_UNREACHABLE_CODE = YES;
				CLANG_WARN__DUPLICATE_METHOD_MATCH = YES;
				COPY_PHASE_STRIP = NO;
				DEBUG_INFORMATION_FORMAT = dwarf;
				ENABLE_STRICT_OBJC_MSGSEND = YES;
				ENABLE_TESTABILITY = YES;
				GCC_C_LANGUAGE_STANDARD = gnu11;
				GCC_DYNAMIC_NO_PIC = NO;
				GCC_NO_COMMON_BLOCKS = YES;
				GCC_OPTIMIZATION_LEVEL = 0;
				GCC_PREPROCESSOR_DEFINITIONS = (
					"DEBUG=1",
					"$(inherited)",
				);
				GCC_WARN_64_TO_32_BIT_CONVERSION = YES;
				GCC_WARN_ABOUT_RETURN_TYPE = YES_ERROR;
				GCC_WARN_UNDECLARED_SELECTOR = YES;
				GCC_WARN_UNINITIALIZED_AUTOS = YES_AGGRESSIVE;
				GCC_WARN_UNUSED_FUNCTION = YES;
				GCC_WARN_UNUSED_VARIABLE = YES;
				IPHONEOS_DEPLOYMENT_TARGET = 14.2;
				MTL_ENABLE_DEBUG_INFO = INCLUDE_SOURCE;
				MTL_FAST_MATH = YES;
				ONLY_ACTIVE_ARCH = YES;
				SDKROOT = iphoneos;
				SWIFT_ACTIVE_COMPILATION_CONDITIONS = DEBUG;
				SWIFT_OPTIMIZATION_LEVEL = "-Onone";
			};
			name = Debug;
		};
		38A6A79A26F9EEE70053388D /* Release */ = {
			isa = XCBuildConfiguration;
			buildSettings = {
				ALWAYS_SEARCH_USER_PATHS = NO;
				CLANG_ANALYZER_NONNULL = YES;
				CLANG_ANALYZER_NUMBER_OBJECT_CONVERSION = YES_AGGRESSIVE;
				CLANG_CXX_LANGUAGE_STANDARD = "gnu++14";
				CLANG_CXX_LIBRARY = "libc++";
				CLANG_ENABLE_MODULES = YES;
				CLANG_ENABLE_OBJC_ARC = YES;
				CLANG_ENABLE_OBJC_WEAK = YES;
				CLANG_WARN_BLOCK_CAPTURE_AUTORELEASING = YES;
				CLANG_WARN_BOOL_CONVERSION = YES;
				CLANG_WARN_COMMA = YES;
				CLANG_WARN_CONSTANT_CONVERSION = YES;
				CLANG_WARN_DEPRECATED_OBJC_IMPLEMENTATIONS = YES;
				CLANG_WARN_DIRECT_OBJC_ISA_USAGE = YES_ERROR;
				CLANG_WARN_DOCUMENTATION_COMMENTS = YES;
				CLANG_WARN_EMPTY_BODY = YES;
				CLANG_WARN_ENUM_CONVERSION = YES;
				CLANG_WARN_INFINITE_RECURSION = YES;
				CLANG_WARN_INT_CONVERSION = YES;
				CLANG_WARN_NON_LITERAL_NULL_CONVERSION = YES;
				CLANG_WARN_OBJC_IMPLICIT_RETAIN_SELF = YES;
				CLANG_WARN_OBJC_LITERAL_CONVERSION = YES;
				CLANG_WARN_OBJC_ROOT_CLASS = YES_ERROR;
				CLANG_WARN_QUOTED_INCLUDE_IN_FRAMEWORK_HEADER = YES;
				CLANG_WARN_RANGE_LOOP_ANALYSIS = YES;
				CLANG_WARN_STRICT_PROTOTYPES = YES;
				CLANG_WARN_SUSPICIOUS_MOVE = YES;
				CLANG_WARN_UNGUARDED_AVAILABILITY = YES_AGGRESSIVE;
				CLANG_WARN_UNREACHABLE_CODE = YES;
				CLANG_WARN__DUPLICATE_METHOD_MATCH = YES;
				COPY_PHASE_STRIP = NO;
				DEBUG_INFORMATION_FORMAT = "dwarf-with-dsym";
				ENABLE_NS_ASSERTIONS = NO;
				ENABLE_STRICT_OBJC_MSGSEND = YES;
				GCC_C_LANGUAGE_STANDARD = gnu11;
				GCC_NO_COMMON_BLOCKS = YES;
				GCC_WARN_64_TO_32_BIT_CONVERSION = YES;
				GCC_WARN_ABOUT_RETURN_TYPE = YES_ERROR;
				GCC_WARN_UNDECLARED_SELECTOR = YES;
				GCC_WARN_UNINITIALIZED_AUTOS = YES_AGGRESSIVE;
				GCC_WARN_UNUSED_FUNCTION = YES;
				GCC_WARN_UNUSED_VARIABLE = YES;
				IPHONEOS_DEPLOYMENT_TARGET = 14.2;
				MTL_ENABLE_DEBUG_INFO = NO;
				MTL_FAST_MATH = YES;
				SDKROOT = iphoneos;
				SWIFT_COMPILATION_MODE = wholemodule;
				SWIFT_OPTIMIZATION_LEVEL = "-O";
				VALIDATE_PRODUCT = YES;
			};
			name = Release;
		};
		38A6A79C26F9EEE70053388D /* Debug */ = {
			isa = XCBuildConfiguration;
			buildSettings = {
				ASSETCATALOG_COMPILER_APPICON_NAME = AppIcon;
				ASSETCATALOG_COMPILER_GLOBAL_ACCENT_COLOR_NAME = AccentColor;
				CODE_SIGN_STYLE = Automatic;
				DEVELOPMENT_ASSET_PATHS = "\"Bullseye/Preview Content\"";
				DEVELOPMENT_TEAM = 4XXHWYXQ58;
				ENABLE_PREVIEWS = YES;
				INFOPLIST_FILE = Bullseye/App/Info.plist;
				IPHONEOS_DEPLOYMENT_TARGET = 14.0;
				LD_RUNPATH_SEARCH_PATHS = (
					"$(inherited)",
					"@executable_path/Frameworks",
				);
				PRODUCT_BUNDLE_IDENTIFIER = com.armstrongadam.Bullseye;
				PRODUCT_NAME = "$(TARGET_NAME)";
				SWIFT_VERSION = 5.0;
				TARGETED_DEVICE_FAMILY = "1,2";
			};
			name = Debug;
		};
		38A6A79D26F9EEE70053388D /* Release */ = {
			isa = XCBuildConfiguration;
			buildSettings = {
				ASSETCATALOG_COMPILER_APPICON_NAME = AppIcon;
				ASSETCATALOG_COMPILER_GLOBAL_ACCENT_COLOR_NAME = AccentColor;
				CODE_SIGN_STYLE = Automatic;
				DEVELOPMENT_ASSET_PATHS = "\"Bullseye/Preview Content\"";
				DEVELOPMENT_TEAM = 4XXHWYXQ58;
				ENABLE_PREVIEWS = YES;
				INFOPLIST_FILE = Bullseye/App/Info.plist;
				IPHONEOS_DEPLOYMENT_TARGET = 14.0;
				LD_RUNPATH_SEARCH_PATHS = (
					"$(inherited)",
					"@executable_path/Frameworks",
				);
				PRODUCT_BUNDLE_IDENTIFIER = com.armstrongadam.Bullseye;
				PRODUCT_NAME = "$(TARGET_NAME)";
				SWIFT_VERSION = 5.0;
				TARGETED_DEVICE_FAMILY = "1,2";
			};
			name = Release;
		};
		38C1E4B426FA37AB008DDA7B /* Debug */ = {
			isa = XCBuildConfiguration;
			buildSettings = {
				BUNDLE_LOADER = "$(TEST_HOST)";
				CODE_SIGN_STYLE = Automatic;
				DEVELOPMENT_TEAM = 4XXHWYXQ58;
				INFOPLIST_FILE = BullseyeTests/Info.plist;
				LD_RUNPATH_SEARCH_PATHS = (
					"$(inherited)",
					"@executable_path/Frameworks",
					"@loader_path/Frameworks",
				);
				PRODUCT_BUNDLE_IDENTIFIER = com.armstrongadam.BullseyeTests;
				PRODUCT_NAME = "$(TARGET_NAME)";
				SWIFT_VERSION = 5.0;
				TARGETED_DEVICE_FAMILY = "1,2";
				TEST_HOST = "$(BUILT_PRODUCTS_DIR)/Bullseye.app/Bullseye";
			};
			name = Debug;
		};
		38C1E4B526FA37AB008DDA7B /* Release */ = {
			isa = XCBuildConfiguration;
			buildSettings = {
				BUNDLE_LOADER = "$(TEST_HOST)";
				CODE_SIGN_STYLE = Automatic;
				DEVELOPMENT_TEAM = 4XXHWYXQ58;
				INFOPLIST_FILE = BullseyeTests/Info.plist;
				LD_RUNPATH_SEARCH_PATHS = (
					"$(inherited)",
					"@executable_path/Frameworks",
					"@loader_path/Frameworks",
				);
				PRODUCT_BUNDLE_IDENTIFIER = com.armstrongadam.BullseyeTests;
				PRODUCT_NAME = "$(TARGET_NAME)";
				SWIFT_VERSION = 5.0;
				TARGETED_DEVICE_FAMILY = "1,2";
				TEST_HOST = "$(BUILT_PRODUCTS_DIR)/Bullseye.app/Bullseye";
			};
			name = Release;
		};
/* End XCBuildConfiguration section */

/* Begin XCConfigurationList section */
		38A6A78726F9EEDC0053388D /* Build configuration list for PBXProject "Bullseye" */ = {
			isa = XCConfigurationList;
			buildConfigurations = (
				38A6A79926F9EEE70053388D /* Debug */,
				38A6A79A26F9EEE70053388D /* Release */,
			);
			defaultConfigurationIsVisible = 0;
			defaultConfigurationName = Release;
		};
		38A6A79B26F9EEE70053388D /* Build configuration list for PBXNativeTarget "Bullseye" */ = {
			isa = XCConfigurationList;
			buildConfigurations = (
				38A6A79C26F9EEE70053388D /* Debug */,
				38A6A79D26F9EEE70053388D /* Release */,
			);
			defaultConfigurationIsVisible = 0;
			defaultConfigurationName = Release;
		};
		38C1E4B326FA37AB008DDA7B /* Build configuration list for PBXNativeTarget "BullseyeTests" */ = {
			isa = XCConfigurationList;
			buildConfigurations = (
				38C1E4B426FA37AB008DDA7B /* Debug */,
				38C1E4B526FA37AB008DDA7B /* Release */,
			);
			defaultConfigurationIsVisible = 0;
			defaultConfigurationName = Release;
		};
/* End XCConfigurationList section */
	};
	rootObject = 38A6A78426F9EEDC0053388D /* Project object */;
}
